<?xml version="1.0" encoding="utf-8"?>
<Project ToolsVersion="4.0" xmlns="http://schemas.microsoft.com/developer/msbuild/2003">
  <ItemGroup>
    <Filter Include="Resource Files">
      <UniqueIdentifier>{67DA6AB6-F800-4c08-8B7A-83BB121AAD01}</UniqueIdentifier>
      <Extensions>rc;ico;cur;bmp;dlg;rc2;rct;bin;rgs;gif;jpg;jpeg;jpe;resx;tiff;tif;png;wav;mfcribbon-ms</Extensions>
    </Filter>
    <Filter Include="Scenes">
      <UniqueIdentifier>{35f17719-9305-4d59-8571-96a1b75c838f}</UniqueIdentifier>
    </Filter>
    <Filter Include="Main Files">
      <UniqueIdentifier>{93995380-89BD-4b04-88EB-625FBE52EBFB}</UniqueIdentifier>
      <Extensions>h;hh;hpp;hxx;hm;inl;inc;ipp;xsd</Extensions>
    </Filter>
    <Filter Include="Components">
      <UniqueIdentifier>{f3bc73e4-87a9-44ec-9a82-47eab16c048b}</UniqueIdentifier>
    </Filter>
  </ItemGroup>
  <ItemGroup>
    <ClInclude Include="pch.h">
      <Filter>Main Files</Filter>
    </ClInclude>
    <ClInclude Include="Minigin.h">
      <Filter>Main Files</Filter>
    </ClInclude>
    <ClInclude Include="OnePlayerScene.h">
      <Filter>Scenes</Filter>
    </ClInclude>
    <ClInclude Include="StartMenuScene.h">
      <Filter>Scenes</Filter>
    </ClInclude>
    <ClInclude Include="TwoPlayerScene.h">
      <Filter>Scenes</Filter>
    </ClInclude>
    <ClInclude Include="VersusScene.h">
      <Filter>Scenes</Filter>
    </ClInclude>
    <ClInclude Include="ButtonComponent.h">
      <Filter>Components</Filter>
    </ClInclude>
    <ClInclude Include="StoneComponent.h">
      <Filter>Components</Filter>
    </ClInclude>
    <ClInclude Include="DigDugCharacterComponent.h">
      <Filter>Components</Filter>
    </ClInclude>
    <ClInclude Include="AgentComponent.h">
      <Filter>Components</Filter>
    </ClInclude>
    <ClInclude Include="Actions.h">
      <Filter>Main Files</Filter>
    </ClInclude>
    <ClInclude Include="Conditions.h">
      <Filter>Main Files</Filter>
    </ClInclude>
    <ClInclude Include="HealthComponent.h">
      <Filter>Components</Filter>
    </ClInclude>
    <ClInclude Include="GameOverScene.h">
      <Filter>Scenes</Filter>
    </ClInclude>
    <ClInclude Include="WinnerScene.h">
      <Filter>Scenes</Filter>
    </ClInclude>
  </ItemGroup>
  <ItemGroup>
    <ClCompile Include="Main.cpp">
      <Filter>Main Files</Filter>
    </ClCompile>
    <ClCompile Include="Minigin.cpp">
      <Filter>Main Files</Filter>
    </ClCompile>
    <ClCompile Include="pch.cpp">
      <Filter>Main Files</Filter>
    </ClCompile>
    <ClCompile Include="OnePlayerScene.cpp">
      <Filter>Scenes</Filter>
    </ClCompile>
    <ClCompile Include="StartMenuScene.cpp">
      <Filter>Scenes</Filter>
    </ClCompile>
    <ClCompile Include="TwoPlayerScene.cpp">
      <Filter>Scenes</Filter>
    </ClCompile>
    <ClCompile Include="VersusScene.cpp">
      <Filter>Scenes</Filter>
    </ClCompile>
    <ClCompile Include="ButtonComponent.cpp">
      <Filter>Components</Filter>
    </ClCompile>
    <ClCompile Include="StoneComponent.cpp">
      <Filter>Components</Filter>
    </ClCompile>
    <ClCompile Include="DigDugCharacterComponent.cpp">
      <Filter>Components</Filter>
    </ClCompile>
    <ClCompile Include="AgentComponent.cpp">
      <Filter>Components</Filter>
    </ClCompile>
    <ClCompile Include="HealthComponent.cpp">
      <Filter>Components</Filter>
    </ClCompile>
    <ClCompile Include="GameOverScene.cpp">
      <Filter>Scenes</Filter>
    </ClCompile>
    <ClCompile Include="WinnerScene.cpp">
      <Filter>Scenes</Filter>
    </ClCompile>
  </ItemGroup>
</Project>