<?xml version="1.0" encoding="utf-8"?>
<Project ToolsVersion="4.0" xmlns="http://schemas.microsoft.com/developer/msbuild/2003">
  <ItemGroup>
    <Filter Include="Header Files">
      <UniqueIdentifier>{93995380-89BD-4b04-88EB-625FBE52EBFB}</UniqueIdentifier>
      <Extensions>h;hh;hpp;hxx;hm;inl;inc;ipp;xsd</Extensions>
    </Filter>
    <Filter Include="Resource Files">
      <UniqueIdentifier>{67DA6AB6-F800-4c08-8B7A-83BB121AAD01}</UniqueIdentifier>
      <Extensions>rc;ico;cur;bmp;dlg;rc2;rct;bin;rgs;gif;jpg;jpeg;jpe;resx;tiff;tif;png;wav;mfcribbon-ms</Extensions>
    </Filter>
    <Filter Include="Main Files">
      <UniqueIdentifier>{4FC737F1-C7A5-4376-A066-2A32D752A2FF}</UniqueIdentifier>
      <Extensions>cpp;c;cc;cxx;def;odl;idl;hpj;bat;asm;asmx</Extensions>
    </Filter>
    <Filter Include="Scenes">
      <UniqueIdentifier>{ce9461ad-27c1-436e-8280-a6c70b1fe9a1}</UniqueIdentifier>
    </Filter>
    <Filter Include="Components">
      <UniqueIdentifier>{5748f957-1d15-4521-b6d0-b3ba9fdbbf08}</UniqueIdentifier>
    </Filter>
  </ItemGroup>
  <ItemGroup>
    <ClInclude Include="pch.h">
      <Filter>Header Files</Filter>
    </ClInclude>
    <ClInclude Include="Minigin.h">
      <Filter>Main Files</Filter>
    </ClInclude>
    <ClInclude Include="StartMenuScene.h">
      <Filter>Scenes</Filter>
    </ClInclude>
    <ClInclude Include="ButtonComponent.h">
      <Filter>Components</Filter>
    </ClInclude>
    <ClInclude Include="OnePlayerScene.h">
      <Filter>Scenes</Filter>
    </ClInclude>
    <ClInclude Include="TwoPlayerScene.h">
      <Filter>Scenes</Filter>
    </ClInclude>
    <ClInclude Include="VersusScene.h">
      <Filter>Scenes</Filter>
    </ClInclude>
    <ClInclude Include="HealthComponent.h">
      <Filter>Components</Filter>
    </ClInclude>
    <ClInclude Include="SpawnComponent.h">
      <Filter>Components</Filter>
    </ClInclude>
    <ClInclude Include="PengoCharacterComponent.h">
      <Filter>Components</Filter>
    </ClInclude>
    <ClInclude Include="MovableWallComponent.h">
      <Filter>Components</Filter>
    </ClInclude>
    <ClInclude Include="AgentComponent.h">
      <Filter>Components</Filter>
    </ClInclude>
    <ClInclude Include="Actions.h">
      <Filter>Main Files</Filter>
    </ClInclude>
    <ClInclude Include="Conditions.h">
      <Filter>Main Files</Filter>
    </ClInclude>
    <ClInclude Include="ScoreObserver.h">
      <Filter>Main Files</Filter>
    </ClInclude>
  </ItemGroup>
  <ItemGroup>
    <ClCompile Include="pch.cpp">
      <Filter>Main Files</Filter>
    </ClCompile>
    <ClCompile Include="Main.cpp">
      <Filter>Main Files</Filter>
    </ClCompile>
    <ClCompile Include="Minigin.cpp">
      <Filter>Main Files</Filter>
    </ClCompile>
    <ClCompile Include="StartMenuScene.cpp">
      <Filter>Scenes</Filter>
    </ClCompile>
    <ClCompile Include="ButtonComponent.cpp">
      <Filter>Components</Filter>
    </ClCompile>
    <ClCompile Include="OnePlayerScene.cpp">
      <Filter>Scenes</Filter>
    </ClCompile>
    <ClCompile Include="TwoPlayerScene.cpp">
      <Filter>Scenes</Filter>
    </ClCompile>
    <ClCompile Include="VersusScene.cpp">
      <Filter>Scenes</Filter>
    </ClCompile>
    <ClCompile Include="HealthComponent.cpp">
      <Filter>Components</Filter>
    </ClCompile>
    <ClCompile Include="SpawnComponent.cpp">
      <Filter>Components</Filter>
    </ClCompile>
    <ClCompile Include="PengoCharacterComponent.cpp">
      <Filter>Components</Filter>
    </ClCompile>
    <ClCompile Include="MovableWallComponent.cpp">
      <Filter>Components</Filter>
    </ClCompile>
    <ClCompile Include="AgentComponent.cpp">
      <Filter>Components</Filter>
    </ClCompile>
  </ItemGroup>
</Project>